PODS:
  - AKRouter (0.1.0)
  - Masonry (1.0.2)

DEPENDENCIES:
  - AKRouter (from `../`)
  - Masonry

EXTERNAL SOURCES:
  AKRouter:
    :path: "../"

SPEC CHECKSUMS:
  AKRouter: 9029feb7ac6b7982d816b2b409f963ed96ea441a
  Masonry: 7c429b56da9d4ee0bbb3ed77a5ea710d6a5df39e

PODFILE CHECKSUM: 2398454aa1c2686119f45e7a74b92ba1056c99df

COCOAPODS: 1.2.1
